
Microsoft Visual Studio Solution File, Format Version 12.00
# Visual Studio 2013
VisualStudioVersion = 12.0.31101.0
MinimumVisualStudioVersion = 10.0.40219.1
Project("{FAE04EC0-301F-11D3-BF4B-00C04F79EFBC}") = "DemoConsole", "DemoConsole\DemoConsole.csproj", "{D93C219F-10B2-47F7-8D99-11CB877782DE}"
EndProject
Project("{FAE04EC0-301F-11D3-BF4B-00C04F79EFBC}") = "HelperLibrary", "HelperLibrary\HelperLibrary.csproj", "{02E63DC7-70A1-47E3-A7DC-9494173E3B47}"
EndProject
Project("{FAE04EC0-301F-11D3-BF4B-00C04F79EFBC}") = "DemoForms", "DemoForms\DemoForms.csproj", "{0C8F8901-9364-48F9-8A3F-12A0CD7CC809}"
EndProject
Project("{FAE04EC0-301F-11D3-BF4B-00C04F79EFBC}") = "Feet2Meters", "Feet2Meters\Feet2Meters.csproj", "{EC41E110-7D22-4422-862F-FA6F029953B9}"
EndProject
Project("{FAE04EC0-301F-11D3-BF4B-00C04F79EFBC}") = "NumberComparer", "NumberComparer\NumberComparer.csproj", "{E5C0C24B-B978-4E1A-A369-8BFD17512900}"
EndProject
Project("{FAE04EC0-301F-11D3-BF4B-00C04F79EFBC}") = "NumberReader", "NumberReader\NumberReader.csproj", "{BA7E39A7-E651-41B5-99DC-3F9FA041507A}"
EndProject
Project("{FAE04EC0-301F-11D3-BF4B-00C04F79EFBC}") = "OddsSods", "OddsSods\OddsSods.csproj", "{B862797C-CDA1-4DA5-96B8-34A542DA3C79}"
EndProject
Global
	GlobalSection(SolutionConfigurationPlatforms) = preSolution
		Debug|Any CPU = Debug|Any CPU
		Release|Any CPU = Release|Any CPU
	EndGlobalSection
	GlobalSection(ProjectConfigurationPlatforms) = postSolution
		{D93C219F-10B2-47F7-8D99-11CB877782DE}.Debug|Any CPU.ActiveCfg = Debug|Any CPU
		{D93C219F-10B2-47F7-8D99-11CB877782DE}.Debug|Any CPU.Build.0 = Debug|Any CPU
		{D93C219F-10B2-47F7-8D99-11CB877782DE}.Release|Any CPU.ActiveCfg = Release|Any CPU
		{D93C219F-10B2-47F7-8D99-11CB877782DE}.Release|Any CPU.Build.0 = Release|Any CPU
		{02E63DC7-70A1-47E3-A7DC-9494173E3B47}.Debug|Any CPU.ActiveCfg = Debug|Any CPU
		{02E63DC7-70A1-47E3-A7DC-9494173E3B47}.Debug|Any CPU.Build.0 = Debug|Any CPU
		{02E63DC7-70A1-47E3-A7DC-9494173E3B47}.Release|Any CPU.ActiveCfg = Release|Any CPU
		{02E63DC7-70A1-47E3-A7DC-9494173E3B47}.Release|Any CPU.Build.0 = Release|Any CPU
		{0C8F8901-9364-48F9-8A3F-12A0CD7CC809}.Debug|Any CPU.ActiveCfg = Debug|Any CPU
		{0C8F8901-9364-48F9-8A3F-12A0CD7CC809}.Debug|Any CPU.Build.0 = Debug|Any CPU
		{0C8F8901-9364-48F9-8A3F-12A0CD7CC809}.Release|Any CPU.ActiveCfg = Release|Any CPU
		{0C8F8901-9364-48F9-8A3F-12A0CD7CC809}.Release|Any CPU.Build.0 = Release|Any CPU
		{EC41E110-7D22-4422-862F-FA6F029953B9}.Debug|Any CPU.ActiveCfg = Debug|Any CPU
		{EC41E110-7D22-4422-862F-FA6F029953B9}.Debug|Any CPU.Build.0 = Debug|Any CPU
		{EC41E110-7D22-4422-862F-FA6F029953B9}.Release|Any CPU.ActiveCfg = Release|Any CPU
		{EC41E110-7D22-4422-862F-FA6F029953B9}.Release|Any CPU.Build.0 = Release|Any CPU
		{E5C0C24B-B978-4E1A-A369-8BFD17512900}.Debug|Any CPU.ActiveCfg = Debug|Any CPU
		{E5C0C24B-B978-4E1A-A369-8BFD17512900}.Debug|Any CPU.Build.0 = Debug|Any CPU
		{E5C0C24B-B978-4E1A-A369-8BFD17512900}.Release|Any CPU.ActiveCfg = Release|Any CPU
		{E5C0C24B-B978-4E1A-A369-8BFD17512900}.Release|Any CPU.Build.0 = Release|Any CPU
		{BA7E39A7-E651-41B5-99DC-3F9FA041507A}.Debug|Any CPU.ActiveCfg = Debug|Any CPU
		{BA7E39A7-E651-41B5-99DC-3F9FA041507A}.Debug|Any CPU.Build.0 = Debug|Any CPU
		{BA7E39A7-E651-41B5-99DC-3F9FA041507A}.Release|Any CPU.ActiveCfg = Release|Any CPU
		{BA7E39A7-E651-41B5-99DC-3F9FA041507A}.Release|Any CPU.Build.0 = Release|Any CPU
		{B862797C-CDA1-4DA5-96B8-34A542DA3C79}.Debug|Any CPU.ActiveCfg = Debug|Any CPU
		{B862797C-CDA1-4DA5-96B8-34A542DA3C79}.Debug|Any CPU.Build.0 = Debug|Any CPU
		{B862797C-CDA1-4DA5-96B8-34A542DA3C79}.Release|Any CPU.ActiveCfg = Release|Any CPU
		{B862797C-CDA1-4DA5-96B8-34A542DA3C79}.Release|Any CPU.Build.0 = Release|Any CPU
	EndGlobalSection
	GlobalSection(SolutionProperties) = preSolution
		HideSolutionNode = FALSE
	EndGlobalSection
EndGlobal
