
Microsoft Visual Studio Solution File, Format Version 12.00
# Visual Studio 2013
VisualStudioVersion = 12.0.31101.0
MinimumVisualStudioVersion = 10.0.40219.1
Project("{FAE04EC0-301F-11D3-BF4B-00C04F79EFBC}") = "DemoConsole", "DemoConsole\DemoConsole.csproj", "{D93C219F-10B2-47F7-8D99-11CB877782DE}"
EndProject
Project("{FAE04EC0-301F-11D3-BF4B-00C04F79EFBC}") = "HelperLibrary", "HelperLibrary\HelperLibrary.csproj", "{02E63DC7-70A1-47E3-A7DC-9494173E3B47}"
EndProject
Project("{FAE04EC0-301F-11D3-BF4B-00C04F79EFBC}") = "DemoForms", "DemoForms\DemoForms.csproj", "{0C8F8901-9364-48F9-8A3F-12A0CD7CC809}"
EndProject
Project("{FAE04EC0-301F-11D3-BF4B-00C04F79EFBC}") = "Feet2Meters", "Feet2Meters\Feet2Meters.csproj", "{EC41E110-7D22-4422-862F-FA6F029953B9}"
EndProject
Project("{FAE04EC0-301F-11D3-BF4B-00C04F79EFBC}") = "NumberComparer", "NumberComparer\NumberComparer.csproj", "{E5C0C24B-B978-4E1A-A369-8BFD17512900}"
EndProject
Project("{FAE04EC0-301F-11D3-BF4B-00C04F79EFBC}") = "NumberReader", "NumberReader\NumberReader.csproj", "{BA7E39A7-E651-41B5-99DC-3F9FA041507A}"
EndProject
Project("{FAE04EC0-301F-11D3-BF4B-00C04F79EFBC}") = "OddsSods", "OddsSods\OddsSods.csproj", "{B862797C-CDA1-4DA5-96B8-34A542DA3C79}"
EndProject
Project("{FAE04EC0-301F-11D3-BF4B-00C04F79EFBC}") = "DigitsFinder", "DigitsFinder\DigitsFinder.csproj", "{B29129A4-5D02-40B7-9121-46515E890553}"
EndProject
Project("{2150E333-8FDC-42A3-9474-1A3956D46DE8}") = "LanguageElements", "LanguageElements", "{DC5F1900-99ED-4EEB-8D3B-F2B5B025EA42}"
EndProject
Project("{2150E333-8FDC-42A3-9474-1A3956D46DE8}") = "ClassesMethods", "ClassesMethods", "{E7335B4C-32CA-452F-B554-D6EA418A3E56}"
EndProject
Project("{FAE04EC0-301F-11D3-BF4B-00C04F79EFBC}") = "MethodsStart", "MethodsStart\MethodsStart.csproj", "{AA36C49C-B7AC-47C7-9EE5-6E8AA07652D5}"
EndProject
Project("{FAE04EC0-301F-11D3-BF4B-00C04F79EFBC}") = "LottoCalculator", "LottoCalculator\LottoCalculator.csproj", "{FA3D6012-3E45-4D70-8A45-DD0A4019ACA9}"
EndProject
Project("{FAE04EC0-301F-11D3-BF4B-00C04F79EFBC}") = "WarOfTheLastAlliance", "WarOfTheLastAlliance\WarOfTheLastAlliance.csproj", "{609B6A46-1645-4CF0-95DB-A490CF1D8367}"
EndProject
Project("{FAE04EC0-301F-11D3-BF4B-00C04F79EFBC}") = "WotLAEntities", "WotLAEntities\WotLAEntities.csproj", "{BAD603B7-9DE6-40C5-A471-B43B1FDA7325}"
EndProject
Project("{FAE04EC0-301F-11D3-BF4B-00C04F79EFBC}") = "ClassStruct", "ClassStruct\ClassStruct.csproj", "{02AC83B6-321A-4EE0-B448-A1DA48505899}"
EndProject
Project("{FAE04EC0-301F-11D3-BF4B-00C04F79EFBC}") = "Nullables", "Nullables\Nullables.csproj", "{A12AE2C9-CE3C-4848-AC14-A28E70D5CBCA}"
EndProject
Project("{FAE04EC0-301F-11D3-BF4B-00C04F79EFBC}") = "Generics", "Generics\Generics.csproj", "{70570EB2-98AF-463D-8489-4D910088A060}"
EndProject
Project("{2150E333-8FDC-42A3-9474-1A3956D46DE8}") = "Exercises", "Exercises", "{FD15B973-ABDD-41FC-8F5F-FB5918AB0525}"
EndProject
Project("{FAE04EC0-301F-11D3-BF4B-00C04F79EFBC}") = "Exercise1Console", "Exercise1Console\Exercise1Console.csproj", "{D3CC9930-B264-4ACC-BDE4-E5B77EE54080}"
EndProject
Project("{FAE04EC0-301F-11D3-BF4B-00C04F79EFBC}") = "Exercise1Model", "Exercise1Model\Exercise1Model.csproj", "{AC63AAF2-3E29-40CC-AC28-7A348E6A9091}"
EndProject
Project("{FAE04EC0-301F-11D3-BF4B-00C04F79EFBC}") = "SquareProperties", "SquareProperties\SquareProperties.csproj", "{4CC1904C-338F-456E-A3C1-ED2388B903CE}"
EndProject
Project("{2150E333-8FDC-42A3-9474-1A3956D46DE8}") = "Homework", "Homework", "{29A957E8-0457-458C-97BC-98A8B818E62A}"
EndProject
Project("{FAE04EC0-301F-11D3-BF4B-00C04F79EFBC}") = "Homework1", "Homework1\Homework1.csproj", "{E0C1A5BE-5630-4CEE-8807-3B6B86E02398}"
EndProject
Project("{FAE04EC0-301F-11D3-BF4B-00C04F79EFBC}") = "Homework2", "Homework2\Homework2.csproj", "{C5B8FE8D-37EF-4B77-9029-4B87AF2BD54A}"
EndProject
Project("{FAE04EC0-301F-11D3-BF4B-00C04F79EFBC}") = "Exercise2", "Exercise2\Exercise2.csproj", "{014E1433-A379-4D01-BF83-D09AE5ADFC3A}"
EndProject
Project("{FAE04EC0-301F-11D3-BF4B-00C04F79EFBC}") = "Homework3", "Homework3\Homework3.csproj", "{3BA666B7-55A8-44E3-81E7-4AD71C1FBB51}"
EndProject
Project("{FAE04EC0-301F-11D3-BF4B-00C04F79EFBC}") = "Homework3.5", "Homework3.5\Homework3.5.csproj", "{282153AE-251C-4E1D-A4E8-A571772ECE65}"
EndProject
Project("{FAE04EC0-301F-11D3-BF4B-00C04F79EFBC}") = "Default", "Default\Default.csproj", "{2DBE4652-27CC-476E-8B39-18ED866E7567}"
EndProject
Project("{FAE04EC0-301F-11D3-BF4B-00C04F79EFBC}") = "Events", "Events\Events.csproj", "{CB28342C-FD07-476B-AB22-7C3ACC4BA053}"
EndProject
Project("{FAE04EC0-301F-11D3-BF4B-00C04F79EFBC}") = "WOTLA2", "WOTLA2\WOTLA2.csproj", "{625D1BB2-04A0-4CBF-93A7-D822634DFAEC}"
EndProject
Project("{FAE04EC0-301F-11D3-BF4B-00C04F79EFBC}") = "FuncAction", "FuncAction\FuncAction.csproj", "{8BA74332-CD5D-43B3-BC3B-86C0A898BD04}"
EndProject
Project("{FAE04EC0-301F-11D3-BF4B-00C04F79EFBC}") = "HomeworkMarriedName", "HomeworkMarriedName\HomeworkMarriedName.csproj", "{98B9D246-4247-41CF-9B5B-5F3133CA09E8}"
EndProject
Project("{FAE04EC0-301F-11D3-BF4B-00C04F79EFBC}") = "ListPrinter", "ListPrinter\ListPrinter.csproj", "{0690C938-3F65-4AFA-8D8F-DD992BDF70E2}"
EndProject
Project("{FAE04EC0-301F-11D3-BF4B-00C04F79EFBC}") = "LinqExamples", "LinqExamples\LinqExamples.csproj", "{67AAE1C3-13CC-49D0-8B73-6B6577DED017}"
EndProject
Project("{FAE04EC0-301F-11D3-BF4B-00C04F79EFBC}") = "LinqExercises", "LinqExercises\LinqExercises.csproj", "{ECAE13DD-2479-4161-A714-88CECA42EE05}"
EndProject
Global
	GlobalSection(SolutionConfigurationPlatforms) = preSolution
		Debug|Any CPU = Debug|Any CPU
		Release|Any CPU = Release|Any CPU
	EndGlobalSection
	GlobalSection(ProjectConfigurationPlatforms) = postSolution
		{D93C219F-10B2-47F7-8D99-11CB877782DE}.Debug|Any CPU.ActiveCfg = Debug|Any CPU
		{D93C219F-10B2-47F7-8D99-11CB877782DE}.Debug|Any CPU.Build.0 = Debug|Any CPU
		{D93C219F-10B2-47F7-8D99-11CB877782DE}.Release|Any CPU.ActiveCfg = Release|Any CPU
		{D93C219F-10B2-47F7-8D99-11CB877782DE}.Release|Any CPU.Build.0 = Release|Any CPU
		{02E63DC7-70A1-47E3-A7DC-9494173E3B47}.Debug|Any CPU.ActiveCfg = Debug|Any CPU
		{02E63DC7-70A1-47E3-A7DC-9494173E3B47}.Debug|Any CPU.Build.0 = Debug|Any CPU
		{02E63DC7-70A1-47E3-A7DC-9494173E3B47}.Release|Any CPU.ActiveCfg = Release|Any CPU
		{02E63DC7-70A1-47E3-A7DC-9494173E3B47}.Release|Any CPU.Build.0 = Release|Any CPU
		{0C8F8901-9364-48F9-8A3F-12A0CD7CC809}.Debug|Any CPU.ActiveCfg = Debug|Any CPU
		{0C8F8901-9364-48F9-8A3F-12A0CD7CC809}.Debug|Any CPU.Build.0 = Debug|Any CPU
		{0C8F8901-9364-48F9-8A3F-12A0CD7CC809}.Release|Any CPU.ActiveCfg = Release|Any CPU
		{0C8F8901-9364-48F9-8A3F-12A0CD7CC809}.Release|Any CPU.Build.0 = Release|Any CPU
		{EC41E110-7D22-4422-862F-FA6F029953B9}.Debug|Any CPU.ActiveCfg = Debug|Any CPU
		{EC41E110-7D22-4422-862F-FA6F029953B9}.Debug|Any CPU.Build.0 = Debug|Any CPU
		{EC41E110-7D22-4422-862F-FA6F029953B9}.Release|Any CPU.ActiveCfg = Release|Any CPU
		{EC41E110-7D22-4422-862F-FA6F029953B9}.Release|Any CPU.Build.0 = Release|Any CPU
		{E5C0C24B-B978-4E1A-A369-8BFD17512900}.Debug|Any CPU.ActiveCfg = Debug|Any CPU
		{E5C0C24B-B978-4E1A-A369-8BFD17512900}.Debug|Any CPU.Build.0 = Debug|Any CPU
		{E5C0C24B-B978-4E1A-A369-8BFD17512900}.Release|Any CPU.ActiveCfg = Release|Any CPU
		{E5C0C24B-B978-4E1A-A369-8BFD17512900}.Release|Any CPU.Build.0 = Release|Any CPU
		{BA7E39A7-E651-41B5-99DC-3F9FA041507A}.Debug|Any CPU.ActiveCfg = Debug|Any CPU
		{BA7E39A7-E651-41B5-99DC-3F9FA041507A}.Debug|Any CPU.Build.0 = Debug|Any CPU
		{BA7E39A7-E651-41B5-99DC-3F9FA041507A}.Release|Any CPU.ActiveCfg = Release|Any CPU
		{BA7E39A7-E651-41B5-99DC-3F9FA041507A}.Release|Any CPU.Build.0 = Release|Any CPU
		{B862797C-CDA1-4DA5-96B8-34A542DA3C79}.Debug|Any CPU.ActiveCfg = Debug|Any CPU
		{B862797C-CDA1-4DA5-96B8-34A542DA3C79}.Debug|Any CPU.Build.0 = Debug|Any CPU
		{B862797C-CDA1-4DA5-96B8-34A542DA3C79}.Release|Any CPU.ActiveCfg = Release|Any CPU
		{B862797C-CDA1-4DA5-96B8-34A542DA3C79}.Release|Any CPU.Build.0 = Release|Any CPU
		{B29129A4-5D02-40B7-9121-46515E890553}.Debug|Any CPU.ActiveCfg = Debug|Any CPU
		{B29129A4-5D02-40B7-9121-46515E890553}.Debug|Any CPU.Build.0 = Debug|Any CPU
		{B29129A4-5D02-40B7-9121-46515E890553}.Release|Any CPU.ActiveCfg = Release|Any CPU
		{B29129A4-5D02-40B7-9121-46515E890553}.Release|Any CPU.Build.0 = Release|Any CPU
		{AA36C49C-B7AC-47C7-9EE5-6E8AA07652D5}.Debug|Any CPU.ActiveCfg = Debug|Any CPU
		{AA36C49C-B7AC-47C7-9EE5-6E8AA07652D5}.Debug|Any CPU.Build.0 = Debug|Any CPU
		{AA36C49C-B7AC-47C7-9EE5-6E8AA07652D5}.Release|Any CPU.ActiveCfg = Release|Any CPU
		{AA36C49C-B7AC-47C7-9EE5-6E8AA07652D5}.Release|Any CPU.Build.0 = Release|Any CPU
		{FA3D6012-3E45-4D70-8A45-DD0A4019ACA9}.Debug|Any CPU.ActiveCfg = Debug|Any CPU
		{FA3D6012-3E45-4D70-8A45-DD0A4019ACA9}.Debug|Any CPU.Build.0 = Debug|Any CPU
		{FA3D6012-3E45-4D70-8A45-DD0A4019ACA9}.Release|Any CPU.ActiveCfg = Release|Any CPU
		{FA3D6012-3E45-4D70-8A45-DD0A4019ACA9}.Release|Any CPU.Build.0 = Release|Any CPU
		{609B6A46-1645-4CF0-95DB-A490CF1D8367}.Debug|Any CPU.ActiveCfg = Debug|Any CPU
		{609B6A46-1645-4CF0-95DB-A490CF1D8367}.Debug|Any CPU.Build.0 = Debug|Any CPU
		{609B6A46-1645-4CF0-95DB-A490CF1D8367}.Release|Any CPU.ActiveCfg = Release|Any CPU
		{609B6A46-1645-4CF0-95DB-A490CF1D8367}.Release|Any CPU.Build.0 = Release|Any CPU
		{BAD603B7-9DE6-40C5-A471-B43B1FDA7325}.Debug|Any CPU.ActiveCfg = Debug|Any CPU
		{BAD603B7-9DE6-40C5-A471-B43B1FDA7325}.Debug|Any CPU.Build.0 = Debug|Any CPU
		{BAD603B7-9DE6-40C5-A471-B43B1FDA7325}.Release|Any CPU.ActiveCfg = Release|Any CPU
		{BAD603B7-9DE6-40C5-A471-B43B1FDA7325}.Release|Any CPU.Build.0 = Release|Any CPU
		{02AC83B6-321A-4EE0-B448-A1DA48505899}.Debug|Any CPU.ActiveCfg = Debug|Any CPU
		{02AC83B6-321A-4EE0-B448-A1DA48505899}.Debug|Any CPU.Build.0 = Debug|Any CPU
		{02AC83B6-321A-4EE0-B448-A1DA48505899}.Release|Any CPU.ActiveCfg = Release|Any CPU
		{02AC83B6-321A-4EE0-B448-A1DA48505899}.Release|Any CPU.Build.0 = Release|Any CPU
		{A12AE2C9-CE3C-4848-AC14-A28E70D5CBCA}.Debug|Any CPU.ActiveCfg = Debug|Any CPU
		{A12AE2C9-CE3C-4848-AC14-A28E70D5CBCA}.Debug|Any CPU.Build.0 = Debug|Any CPU
		{A12AE2C9-CE3C-4848-AC14-A28E70D5CBCA}.Release|Any CPU.ActiveCfg = Release|Any CPU
		{A12AE2C9-CE3C-4848-AC14-A28E70D5CBCA}.Release|Any CPU.Build.0 = Release|Any CPU
		{70570EB2-98AF-463D-8489-4D910088A060}.Debug|Any CPU.ActiveCfg = Debug|Any CPU
		{70570EB2-98AF-463D-8489-4D910088A060}.Debug|Any CPU.Build.0 = Debug|Any CPU
		{70570EB2-98AF-463D-8489-4D910088A060}.Release|Any CPU.ActiveCfg = Release|Any CPU
		{70570EB2-98AF-463D-8489-4D910088A060}.Release|Any CPU.Build.0 = Release|Any CPU
		{D3CC9930-B264-4ACC-BDE4-E5B77EE54080}.Debug|Any CPU.ActiveCfg = Debug|Any CPU
		{D3CC9930-B264-4ACC-BDE4-E5B77EE54080}.Debug|Any CPU.Build.0 = Debug|Any CPU
		{D3CC9930-B264-4ACC-BDE4-E5B77EE54080}.Release|Any CPU.ActiveCfg = Release|Any CPU
		{D3CC9930-B264-4ACC-BDE4-E5B77EE54080}.Release|Any CPU.Build.0 = Release|Any CPU
		{AC63AAF2-3E29-40CC-AC28-7A348E6A9091}.Debug|Any CPU.ActiveCfg = Debug|Any CPU
		{AC63AAF2-3E29-40CC-AC28-7A348E6A9091}.Debug|Any CPU.Build.0 = Debug|Any CPU
		{AC63AAF2-3E29-40CC-AC28-7A348E6A9091}.Release|Any CPU.ActiveCfg = Release|Any CPU
		{AC63AAF2-3E29-40CC-AC28-7A348E6A9091}.Release|Any CPU.Build.0 = Release|Any CPU
		{4CC1904C-338F-456E-A3C1-ED2388B903CE}.Debug|Any CPU.ActiveCfg = Debug|Any CPU
		{4CC1904C-338F-456E-A3C1-ED2388B903CE}.Debug|Any CPU.Build.0 = Debug|Any CPU
		{4CC1904C-338F-456E-A3C1-ED2388B903CE}.Release|Any CPU.ActiveCfg = Release|Any CPU
		{4CC1904C-338F-456E-A3C1-ED2388B903CE}.Release|Any CPU.Build.0 = Release|Any CPU
		{E0C1A5BE-5630-4CEE-8807-3B6B86E02398}.Debug|Any CPU.ActiveCfg = Debug|Any CPU
		{E0C1A5BE-5630-4CEE-8807-3B6B86E02398}.Debug|Any CPU.Build.0 = Debug|Any CPU
		{E0C1A5BE-5630-4CEE-8807-3B6B86E02398}.Release|Any CPU.ActiveCfg = Release|Any CPU
		{E0C1A5BE-5630-4CEE-8807-3B6B86E02398}.Release|Any CPU.Build.0 = Release|Any CPU
		{C5B8FE8D-37EF-4B77-9029-4B87AF2BD54A}.Debug|Any CPU.ActiveCfg = Debug|Any CPU
		{C5B8FE8D-37EF-4B77-9029-4B87AF2BD54A}.Debug|Any CPU.Build.0 = Debug|Any CPU
		{C5B8FE8D-37EF-4B77-9029-4B87AF2BD54A}.Release|Any CPU.ActiveCfg = Release|Any CPU
		{C5B8FE8D-37EF-4B77-9029-4B87AF2BD54A}.Release|Any CPU.Build.0 = Release|Any CPU
		{014E1433-A379-4D01-BF83-D09AE5ADFC3A}.Debug|Any CPU.ActiveCfg = Debug|Any CPU
		{014E1433-A379-4D01-BF83-D09AE5ADFC3A}.Debug|Any CPU.Build.0 = Debug|Any CPU
		{014E1433-A379-4D01-BF83-D09AE5ADFC3A}.Release|Any CPU.ActiveCfg = Release|Any CPU
		{014E1433-A379-4D01-BF83-D09AE5ADFC3A}.Release|Any CPU.Build.0 = Release|Any CPU
		{3BA666B7-55A8-44E3-81E7-4AD71C1FBB51}.Debug|Any CPU.ActiveCfg = Debug|Any CPU
		{3BA666B7-55A8-44E3-81E7-4AD71C1FBB51}.Debug|Any CPU.Build.0 = Debug|Any CPU
		{3BA666B7-55A8-44E3-81E7-4AD71C1FBB51}.Release|Any CPU.ActiveCfg = Release|Any CPU
		{3BA666B7-55A8-44E3-81E7-4AD71C1FBB51}.Release|Any CPU.Build.0 = Release|Any CPU
		{282153AE-251C-4E1D-A4E8-A571772ECE65}.Debug|Any CPU.ActiveCfg = Debug|Any CPU
		{282153AE-251C-4E1D-A4E8-A571772ECE65}.Debug|Any CPU.Build.0 = Debug|Any CPU
		{282153AE-251C-4E1D-A4E8-A571772ECE65}.Release|Any CPU.ActiveCfg = Release|Any CPU
		{282153AE-251C-4E1D-A4E8-A571772ECE65}.Release|Any CPU.Build.0 = Release|Any CPU
		{2DBE4652-27CC-476E-8B39-18ED866E7567}.Debug|Any CPU.ActiveCfg = Debug|Any CPU
		{2DBE4652-27CC-476E-8B39-18ED866E7567}.Debug|Any CPU.Build.0 = Debug|Any CPU
		{2DBE4652-27CC-476E-8B39-18ED866E7567}.Release|Any CPU.ActiveCfg = Release|Any CPU
		{2DBE4652-27CC-476E-8B39-18ED866E7567}.Release|Any CPU.Build.0 = Release|Any CPU
		{CB28342C-FD07-476B-AB22-7C3ACC4BA053}.Debug|Any CPU.ActiveCfg = Debug|Any CPU
		{CB28342C-FD07-476B-AB22-7C3ACC4BA053}.Debug|Any CPU.Build.0 = Debug|Any CPU
		{CB28342C-FD07-476B-AB22-7C3ACC4BA053}.Release|Any CPU.ActiveCfg = Release|Any CPU
		{CB28342C-FD07-476B-AB22-7C3ACC4BA053}.Release|Any CPU.Build.0 = Release|Any CPU
		{625D1BB2-04A0-4CBF-93A7-D822634DFAEC}.Debug|Any CPU.ActiveCfg = Debug|Any CPU
		{625D1BB2-04A0-4CBF-93A7-D822634DFAEC}.Debug|Any CPU.Build.0 = Debug|Any CPU
		{625D1BB2-04A0-4CBF-93A7-D822634DFAEC}.Release|Any CPU.ActiveCfg = Release|Any CPU
		{625D1BB2-04A0-4CBF-93A7-D822634DFAEC}.Release|Any CPU.Build.0 = Release|Any CPU
		{8BA74332-CD5D-43B3-BC3B-86C0A898BD04}.Debug|Any CPU.ActiveCfg = Debug|Any CPU
		{8BA74332-CD5D-43B3-BC3B-86C0A898BD04}.Debug|Any CPU.Build.0 = Debug|Any CPU
		{8BA74332-CD5D-43B3-BC3B-86C0A898BD04}.Release|Any CPU.ActiveCfg = Release|Any CPU
		{8BA74332-CD5D-43B3-BC3B-86C0A898BD04}.Release|Any CPU.Build.0 = Release|Any CPU
		{98B9D246-4247-41CF-9B5B-5F3133CA09E8}.Debug|Any CPU.ActiveCfg = Debug|Any CPU
		{98B9D246-4247-41CF-9B5B-5F3133CA09E8}.Debug|Any CPU.Build.0 = Debug|Any CPU
		{98B9D246-4247-41CF-9B5B-5F3133CA09E8}.Release|Any CPU.ActiveCfg = Release|Any CPU
		{98B9D246-4247-41CF-9B5B-5F3133CA09E8}.Release|Any CPU.Build.0 = Release|Any CPU
		{0690C938-3F65-4AFA-8D8F-DD992BDF70E2}.Debug|Any CPU.ActiveCfg = Debug|Any CPU
		{0690C938-3F65-4AFA-8D8F-DD992BDF70E2}.Debug|Any CPU.Build.0 = Debug|Any CPU
		{0690C938-3F65-4AFA-8D8F-DD992BDF70E2}.Release|Any CPU.ActiveCfg = Release|Any CPU
		{0690C938-3F65-4AFA-8D8F-DD992BDF70E2}.Release|Any CPU.Build.0 = Release|Any CPU
		{67AAE1C3-13CC-49D0-8B73-6B6577DED017}.Debug|Any CPU.ActiveCfg = Debug|Any CPU
		{67AAE1C3-13CC-49D0-8B73-6B6577DED017}.Debug|Any CPU.Build.0 = Debug|Any CPU
		{67AAE1C3-13CC-49D0-8B73-6B6577DED017}.Release|Any CPU.ActiveCfg = Release|Any CPU
		{67AAE1C3-13CC-49D0-8B73-6B6577DED017}.Release|Any CPU.Build.0 = Release|Any CPU
		{ECAE13DD-2479-4161-A714-88CECA42EE05}.Debug|Any CPU.ActiveCfg = Debug|Any CPU
		{ECAE13DD-2479-4161-A714-88CECA42EE05}.Debug|Any CPU.Build.0 = Debug|Any CPU
		{ECAE13DD-2479-4161-A714-88CECA42EE05}.Release|Any CPU.ActiveCfg = Release|Any CPU
		{ECAE13DD-2479-4161-A714-88CECA42EE05}.Release|Any CPU.Build.0 = Release|Any CPU
	EndGlobalSection
	GlobalSection(SolutionProperties) = preSolution
		HideSolutionNode = FALSE
	EndGlobalSection
	GlobalSection(NestedProjects) = preSolution
		{D93C219F-10B2-47F7-8D99-11CB877782DE} = {DC5F1900-99ED-4EEB-8D3B-F2B5B025EA42}
		{02E63DC7-70A1-47E3-A7DC-9494173E3B47} = {DC5F1900-99ED-4EEB-8D3B-F2B5B025EA42}
		{0C8F8901-9364-48F9-8A3F-12A0CD7CC809} = {DC5F1900-99ED-4EEB-8D3B-F2B5B025EA42}
		{EC41E110-7D22-4422-862F-FA6F029953B9} = {DC5F1900-99ED-4EEB-8D3B-F2B5B025EA42}
		{E5C0C24B-B978-4E1A-A369-8BFD17512900} = {DC5F1900-99ED-4EEB-8D3B-F2B5B025EA42}
		{BA7E39A7-E651-41B5-99DC-3F9FA041507A} = {DC5F1900-99ED-4EEB-8D3B-F2B5B025EA42}
		{B862797C-CDA1-4DA5-96B8-34A542DA3C79} = {DC5F1900-99ED-4EEB-8D3B-F2B5B025EA42}
		{B29129A4-5D02-40B7-9121-46515E890553} = {DC5F1900-99ED-4EEB-8D3B-F2B5B025EA42}
		{AA36C49C-B7AC-47C7-9EE5-6E8AA07652D5} = {E7335B4C-32CA-452F-B554-D6EA418A3E56}
		{FA3D6012-3E45-4D70-8A45-DD0A4019ACA9} = {E7335B4C-32CA-452F-B554-D6EA418A3E56}
		{609B6A46-1645-4CF0-95DB-A490CF1D8367} = {E7335B4C-32CA-452F-B554-D6EA418A3E56}
		{BAD603B7-9DE6-40C5-A471-B43B1FDA7325} = {E7335B4C-32CA-452F-B554-D6EA418A3E56}
		{02AC83B6-321A-4EE0-B448-A1DA48505899} = {DC5F1900-99ED-4EEB-8D3B-F2B5B025EA42}
		{A12AE2C9-CE3C-4848-AC14-A28E70D5CBCA} = {DC5F1900-99ED-4EEB-8D3B-F2B5B025EA42}
		{70570EB2-98AF-463D-8489-4D910088A060} = {DC5F1900-99ED-4EEB-8D3B-F2B5B025EA42}
		{D3CC9930-B264-4ACC-BDE4-E5B77EE54080} = {FD15B973-ABDD-41FC-8F5F-FB5918AB0525}
		{AC63AAF2-3E29-40CC-AC28-7A348E6A9091} = {FD15B973-ABDD-41FC-8F5F-FB5918AB0525}
		{4CC1904C-338F-456E-A3C1-ED2388B903CE} = {DC5F1900-99ED-4EEB-8D3B-F2B5B025EA42}
		{E0C1A5BE-5630-4CEE-8807-3B6B86E02398} = {29A957E8-0457-458C-97BC-98A8B818E62A}
		{C5B8FE8D-37EF-4B77-9029-4B87AF2BD54A} = {29A957E8-0457-458C-97BC-98A8B818E62A}
		{014E1433-A379-4D01-BF83-D09AE5ADFC3A} = {FD15B973-ABDD-41FC-8F5F-FB5918AB0525}
		{3BA666B7-55A8-44E3-81E7-4AD71C1FBB51} = {29A957E8-0457-458C-97BC-98A8B818E62A}
		{282153AE-251C-4E1D-A4E8-A571772ECE65} = {29A957E8-0457-458C-97BC-98A8B818E62A}
		{2DBE4652-27CC-476E-8B39-18ED866E7567} = {DC5F1900-99ED-4EEB-8D3B-F2B5B025EA42}
		{CB28342C-FD07-476B-AB22-7C3ACC4BA053} = {DC5F1900-99ED-4EEB-8D3B-F2B5B025EA42}
		{625D1BB2-04A0-4CBF-93A7-D822634DFAEC} = {FD15B973-ABDD-41FC-8F5F-FB5918AB0525}
		{8BA74332-CD5D-43B3-BC3B-86C0A898BD04} = {DC5F1900-99ED-4EEB-8D3B-F2B5B025EA42}
		{98B9D246-4247-41CF-9B5B-5F3133CA09E8} = {29A957E8-0457-458C-97BC-98A8B818E62A}
		{0690C938-3F65-4AFA-8D8F-DD992BDF70E2} = {DC5F1900-99ED-4EEB-8D3B-F2B5B025EA42}
		{67AAE1C3-13CC-49D0-8B73-6B6577DED017} = {DC5F1900-99ED-4EEB-8D3B-F2B5B025EA42}
		{ECAE13DD-2479-4161-A714-88CECA42EE05} = {FD15B973-ABDD-41FC-8F5F-FB5918AB0525}
	EndGlobalSection
EndGlobal
